
Microsoft Visual Studio Solution File, Format Version 12.00
# Visual Studio 15
Project("{FAE04EC0-301F-11D3-BF4B-00C04F79EFBC}") = "Assembly-CSharp", "Assembly-CSharp.csproj", "{4409EED2-20C9-1A16-69EE-35D90117657E}"
EndProject
Project("{FAE04EC0-301F-11D3-BF4B-00C04F79EFBC}") = "sc.fae.editor", "sc.fae.editor.csproj", "{C8CD3986-999B-2D56-ABE4-F26D948F52C3}"
EndProject
Project("{FAE04EC0-301F-11D3-BF4B-00C04F79EFBC}") = "sc.fae.runtime", "sc.fae.runtime.csproj", "{C3E08266-FDDA-42CE-6DEB-9EF3C26E511F}"
EndProject
Global
	GlobalSection(SolutionConfigurationPlatforms) = preSolution
		Debug|Any CPU = Debug|Any CPU
		Release|Any CPU = Release|Any CPU
	EndGlobalSection
	GlobalSection(ProjectConfigurationPlatforms) = postSolution
		{4409EED2-20C9-1A16-69EE-35D90117657E}.Debug|Any CPU.ActiveCfg = Debug|Any CPU
		{4409EED2-20C9-1A16-69EE-35D90117657E}.Debug|Any CPU.Build.0 = Debug|Any CPU
		{4409EED2-20C9-1A16-69EE-35D90117657E}.Release|Any CPU.ActiveCfg = Release|Any CPU
		{4409EED2-20C9-1A16-69EE-35D90117657E}.Release|Any CPU.Build.0 = Release|Any CPU
		{C8CD3986-999B-2D56-ABE4-F26D948F52C3}.Debug|Any CPU.ActiveCfg = Debug|Any CPU
		{C8CD3986-999B-2D56-ABE4-F26D948F52C3}.Debug|Any CPU.Build.0 = Debug|Any CPU
		{C8CD3986-999B-2D56-ABE4-F26D948F52C3}.Release|Any CPU.ActiveCfg = Release|Any CPU
		{C8CD3986-999B-2D56-ABE4-F26D948F52C3}.Release|Any CPU.Build.0 = Release|Any CPU
		{C3E08266-FDDA-42CE-6DEB-9EF3C26E511F}.Debug|Any CPU.ActiveCfg = Debug|Any CPU
		{C3E08266-FDDA-42CE-6DEB-9EF3C26E511F}.Debug|Any CPU.Build.0 = Debug|Any CPU
		{C3E08266-FDDA-42CE-6DEB-9EF3C26E511F}.Release|Any CPU.ActiveCfg = Release|Any CPU
		{C3E08266-FDDA-42CE-6DEB-9EF3C26E511F}.Release|Any CPU.Build.0 = Release|Any CPU
	EndGlobalSection
	GlobalSection(SolutionProperties) = preSolution
		HideSolutionNode = FALSE
	EndGlobalSection
EndGlobal
